
Microsoft Visual Studio Solution File, Format Version 12.00
# Visual Studio Version 17
VisualStudioVersion = 17.14.36203.30 d17.14
MinimumVisualStudioVersion = 10.0.40219.1
Project("{FAE04EC0-301F-11D3-BF4B-00C04F79EFBC}") = "BlazorTest", "BlazorTest\BlazorTest.csproj", "{167749D6-7D82-4623-9B0F-89745133F934}"
EndProject
Project("{FAE04EC0-301F-11D3-BF4B-00C04F79EFBC}") = "BlazorTest.Client", "BlazorTest.Client\BlazorTest.Client.csproj", "{6CF93508-D805-4066-BCC6-AFCD4DE0307B}"
EndProject
Global
	GlobalSection(SolutionConfigurationPlatforms) = preSolution
		Debug|Any CPU = Debug|Any CPU
		Release|Any CPU = Release|Any CPU
	EndGlobalSection
	GlobalSection(ProjectConfigurationPlatforms) = postSolution
		{167749D6-7D82-4623-9B0F-89745133F934}.Debug|Any CPU.ActiveCfg = Debug|Any CPU
		{167749D6-7D82-4623-9B0F-89745133F934}.Debug|Any CPU.Build.0 = Debug|Any CPU
		{167749D6-7D82-4623-9B0F-89745133F934}.Release|Any CPU.ActiveCfg = Release|Any CPU
		{167749D6-7D82-4623-9B0F-89745133F934}.Release|Any CPU.Build.0 = Release|Any CPU
		{6CF93508-D805-4066-BCC6-AFCD4DE0307B}.Debug|Any CPU.ActiveCfg = Debug|Any CPU
		{6CF93508-D805-4066-BCC6-AFCD4DE0307B}.Debug|Any CPU.Build.0 = Debug|Any CPU
		{6CF93508-D805-4066-BCC6-AFCD4DE0307B}.Release|Any CPU.ActiveCfg = Release|Any CPU
		{6CF93508-D805-4066-BCC6-AFCD4DE0307B}.Release|Any CPU.Build.0 = Release|Any CPU
	EndGlobalSection
	GlobalSection(SolutionProperties) = preSolution
		HideSolutionNode = FALSE
	EndGlobalSection
	GlobalSection(ExtensibilityGlobals) = postSolution
		SolutionGuid = {D4EB0538-A5DF-4EE5-B529-81AE230A4B80}
	EndGlobalSection
EndGlobal
